
Microsoft Visual Studio Solution File, Format Version 12.00
# Visual Studio Version 17
VisualStudioVersion = 17.11.35312.102
MinimumVisualStudioVersion = 10.0.40219.1
Project("{9A19103F-16F7-4668-BE54-9A1E7A4F7556}") = "LabProject3", "LabProject3\LabProject3.csproj", "{3650B25A-B3AA-4E57-886E-7DBA7F84C6EF}"
EndProject
Global
	GlobalSection(SolutionConfigurationPlatforms) = preSolution
		Debug|Any CPU = Debug|Any CPU
		Release|Any CPU = Release|Any CPU
	EndGlobalSection
	GlobalSection(ProjectConfigurationPlatforms) = postSolution
		{3650B25A-B3AA-4E57-886E-7DBA7F84C6EF}.Debug|Any CPU.ActiveCfg = Debug|Any CPU
		{3650B25A-B3AA-4E57-886E-7DBA7F84C6EF}.Debug|Any CPU.Build.0 = Debug|Any CPU
		{3650B25A-B3AA-4E57-886E-7DBA7F84C6EF}.Debug|Any CPU.Deploy.0 = Debug|Any CPU
		{3650B25A-B3AA-4E57-886E-7DBA7F84C6EF}.Release|Any CPU.ActiveCfg = Release|Any CPU
		{3650B25A-B3AA-4E57-886E-7DBA7F84C6EF}.Release|Any CPU.Build.0 = Release|Any CPU
		{3650B25A-B3AA-4E57-886E-7DBA7F84C6EF}.Release|Any CPU.Deploy.0 = Release|Any CPU
	EndGlobalSection
	GlobalSection(SolutionProperties) = preSolution
		HideSolutionNode = FALSE
	EndGlobalSection
	GlobalSection(ExtensibilityGlobals) = postSolution
		SolutionGuid = {B7070AAD-F70C-4B3C-A323-4735AEE00DB9}
	EndGlobalSection
EndGlobal
